
Microsoft Visual Studio Solution File, Format Version 12.00
# Visual Studio Version 16
VisualStudioVersion = 16.0.29009.5
MinimumVisualStudioVersion = 10.0.40219.1
Project("{9A19103F-16F7-4668-BE54-9A1E7A4F7556}") = "PolarisAICore", "PolarisAICore\PolarisAICore.csproj", "{1ED6E129-4205-414F-8367-15EC68AE75FA}"
EndProject
Project("{FAE04EC0-301F-11D3-BF4B-00C04F79EFBC}") = "PolarisAIWebAPI", "PolarisAIWebAPI\PolarisAIWebAPI.csproj", "{95BE1B3F-5E60-4092-AA38-328D3F866418}"
EndProject
Global
	GlobalSection(SolutionConfigurationPlatforms) = preSolution
		Debug|Any CPU = Debug|Any CPU
		Release|Any CPU = Release|Any CPU
	EndGlobalSection
	GlobalSection(ProjectConfigurationPlatforms) = postSolution
		{1ED6E129-4205-414F-8367-15EC68AE75FA}.Debug|Any CPU.ActiveCfg = Debug|Any CPU
		{1ED6E129-4205-414F-8367-15EC68AE75FA}.Debug|Any CPU.Build.0 = Debug|Any CPU
		{1ED6E129-4205-414F-8367-15EC68AE75FA}.Release|Any CPU.ActiveCfg = Release|Any CPU
		{1ED6E129-4205-414F-8367-15EC68AE75FA}.Release|Any CPU.Build.0 = Release|Any CPU
		{95BE1B3F-5E60-4092-AA38-328D3F866418}.Debug|Any CPU.ActiveCfg = Debug|Any CPU
		{95BE1B3F-5E60-4092-AA38-328D3F866418}.Debug|Any CPU.Build.0 = Debug|Any CPU
		{95BE1B3F-5E60-4092-AA38-328D3F866418}.Release|Any CPU.ActiveCfg = Release|Any CPU
		{95BE1B3F-5E60-4092-AA38-328D3F866418}.Release|Any CPU.Build.0 = Release|Any CPU
	EndGlobalSection
	GlobalSection(SolutionProperties) = preSolution
		HideSolutionNode = FALSE
	EndGlobalSection
	GlobalSection(ExtensibilityGlobals) = postSolution
		SolutionGuid = {2B3384C4-6F51-4C66-9DF6-3FB16CA81147}
	EndGlobalSection
EndGlobal
